
Microsoft Visual Studio Solution File, Format Version 12.00
# Visual Studio Version 16
VisualStudioVersion = 16.0.33328.57
MinimumVisualStudioVersion = 10.0.40219.1
Project("{8BC9CEB8-8B4A-11D0-8D11-00A0C91BC942}") = "json_Project", "json_Project.vcxproj", "{432EAA34-D112-4E74-90D5-BD074C0B3319}"
EndProject
Global
	GlobalSection(SolutionConfigurationPlatforms) = preSolution
		Debug|x64 = Debug|x64
		Debug|x86 = Debug|x86
		Release|x64 = Release|x64
		Release|x86 = Release|x86
	EndGlobalSection
	GlobalSection(ProjectConfigurationPlatforms) = postSolution
		{432EAA34-D112-4E74-90D5-BD074C0B3319}.Debug|x64.ActiveCfg = Debug|x64
		{432EAA34-D112-4E74-90D5-BD074C0B3319}.Debug|x64.Build.0 = Debug|x64
		{432EAA34-D112-4E74-90D5-BD074C0B3319}.Debug|x86.ActiveCfg = Debug|Win32
		{432EAA34-D112-4E74-90D5-BD074C0B3319}.Debug|x86.Build.0 = Debug|Win32
		{432EAA34-D112-4E74-90D5-BD074C0B3319}.Release|x64.ActiveCfg = Release|x64
		{432EAA34-D112-4E74-90D5-BD074C0B3319}.Release|x64.Build.0 = Release|x64
		{432EAA34-D112-4E74-90D5-BD074C0B3319}.Release|x86.ActiveCfg = Release|Win32
		{432EAA34-D112-4E74-90D5-BD074C0B3319}.Release|x86.Build.0 = Release|Win32
	EndGlobalSection
	GlobalSection(SolutionProperties) = preSolution
		HideSolutionNode = FALSE
	EndGlobalSection
	GlobalSection(ExtensibilityGlobals) = postSolution
		SolutionGuid = {D990AC53-9D81-46DE-8BD0-5FF209D7A67D}
	EndGlobalSection
EndGlobal
